
Microsoft Visual Studio Solution File, Format Version 12.00
# Visual Studio 15
VisualStudioVersion = 15.0.27428.2005
MinimumVisualStudioVersion = 10.0.40219.1
Project("{FAE04EC0-301F-11D3-BF4B-00C04F79EFBC}") = "CardinalAppXamarin.Android", "CardinalAppXamarin\CardinalAppXamarin.Android\CardinalAppXamarin.Android.csproj", "{AE69EC3F-1BDE-437E-83DD-179850BA17E0}"
EndProject
Project("{FAE04EC0-301F-11D3-BF4B-00C04F79EFBC}") = "CardinalAppXamarin.iOS", "CardinalAppXamarin\CardinalAppXamarin.iOS\CardinalAppXamarin.iOS.csproj", "{EA1CEF3C-9784-427C-8703-F832A0CD7EE2}"
EndProject
Project("{FAE04EC0-301F-11D3-BF4B-00C04F79EFBC}") = "CardinalAppXamarin.UWP", "CardinalAppXamarin\CardinalAppXamarin.UWP\CardinalAppXamarin.UWP.csproj", "{C1FB7001-4C29-47B6-9F28-79E9A583085E}"
EndProject
Project("{9A19103F-16F7-4668-BE54-9A1E7A4F7556}") = "CardinalAppXamarin", "CardinalAppXamarin\CardinalAppXamarin\CardinalAppXamarin.csproj", "{9498503B-FDD6-4274-9CCE-55797F8E80E2}"
EndProject
Project("{9A19103F-16F7-4668-BE54-9A1E7A4F7556}") = "CardinalLibrary", "CardinalLibrary\CardinalLibrary.csproj", "{B043F139-7160-4871-965F-F8A4A387184C}"
EndProject
Project("{9A19103F-16F7-4668-BE54-9A1E7A4F7556}") = "Xamarin.Forms.GoogleMaps.Bindings", "..\..\..\..\..\git\_Forked\Xamarin.Forms.GoogleMaps.Bindings\Source\Xamarin.Forms.GoogleMaps.Bindings\Xamarin.Forms.GoogleMaps.Bindings.csproj", "{3A8873A1-1010-43C5-A75C-F67CD017B520}"
EndProject
Project("{FAE04EC0-301F-11D3-BF4B-00C04F79EFBC}") = "FlyoverKit.iOS", "FlyoverKit.iOS\FlyoverKit.iOS.csproj", "{F7E7507F-740F-41CD-858C-23582E275018}"
EndProject
Global
	GlobalSection(SolutionConfigurationPlatforms) = preSolution
		Ad-Hoc|Any CPU = Ad-Hoc|Any CPU
		Ad-Hoc|ARM = Ad-Hoc|ARM
		Ad-Hoc|iPhone = Ad-Hoc|iPhone
		Ad-Hoc|iPhoneSimulator = Ad-Hoc|iPhoneSimulator
		Ad-Hoc|x64 = Ad-Hoc|x64
		Ad-Hoc|x86 = Ad-Hoc|x86
		AppStore|Any CPU = AppStore|Any CPU
		AppStore|ARM = AppStore|ARM
		AppStore|iPhone = AppStore|iPhone
		AppStore|iPhoneSimulator = AppStore|iPhoneSimulator
		AppStore|x64 = AppStore|x64
		AppStore|x86 = AppStore|x86
		Debug|Any CPU = Debug|Any CPU
		Debug|ARM = Debug|ARM
		Debug|iPhone = Debug|iPhone
		Debug|iPhoneSimulator = Debug|iPhoneSimulator
		Debug|x64 = Debug|x64
		Debug|x86 = Debug|x86
		Release|Any CPU = Release|Any CPU
		Release|ARM = Release|ARM
		Release|iPhone = Release|iPhone
		Release|iPhoneSimulator = Release|iPhoneSimulator
		Release|x64 = Release|x64
		Release|x86 = Release|x86
	EndGlobalSection
	GlobalSection(ProjectConfigurationPlatforms) = postSolution
		{AE69EC3F-1BDE-437E-83DD-179850BA17E0}.Ad-Hoc|Any CPU.ActiveCfg = Release|Any CPU
		{AE69EC3F-1BDE-437E-83DD-179850BA17E0}.Ad-Hoc|Any CPU.Build.0 = Release|Any CPU
		{AE69EC3F-1BDE-437E-83DD-179850BA17E0}.Ad-Hoc|Any CPU.Deploy.0 = Release|Any CPU
		{AE69EC3F-1BDE-437E-83DD-179850BA17E0}.Ad-Hoc|ARM.ActiveCfg = Release|Any CPU
		{AE69EC3F-1BDE-437E-83DD-179850BA17E0}.Ad-Hoc|ARM.Build.0 = Release|Any CPU
		{AE69EC3F-1BDE-437E-83DD-179850BA17E0}.Ad-Hoc|ARM.Deploy.0 = Release|Any CPU
		{AE69EC3F-1BDE-437E-83DD-179850BA17E0}.Ad-Hoc|iPhone.ActiveCfg = Release|Any CPU
		{AE69EC3F-1BDE-437E-83DD-179850BA17E0}.Ad-Hoc|iPhone.Build.0 = Release|Any CPU
		{AE69EC3F-1BDE-437E-83DD-179850BA17E0}.Ad-Hoc|iPhone.Deploy.0 = Release|Any CPU
		{AE69EC3F-1BDE-437E-83DD-179850BA17E0}.Ad-Hoc|iPhoneSimulator.ActiveCfg = Release|Any CPU
		{AE69EC3F-1BDE-437E-83DD-179850BA17E0}.Ad-Hoc|iPhoneSimulator.Build.0 = Release|Any CPU
		{AE69EC3F-1BDE-437E-83DD-179850BA17E0}.Ad-Hoc|iPhoneSimulator.Deploy.0 = Release|Any CPU
		{AE69EC3F-1BDE-437E-83DD-179850BA17E0}.Ad-Hoc|x64.ActiveCfg = Release|Any CPU
		{AE69EC3F-1BDE-437E-83DD-179850BA17E0}.Ad-Hoc|x64.Build.0 = Release|Any CPU
		{AE69EC3F-1BDE-437E-83DD-179850BA17E0}.Ad-Hoc|x64.Deploy.0 = Release|Any CPU
		{AE69EC3F-1BDE-437E-83DD-179850BA17E0}.Ad-Hoc|x86.ActiveCfg = Release|Any CPU
		{AE69EC3F-1BDE-437E-83DD-179850BA17E0}.Ad-Hoc|x86.Build.0 = Release|Any CPU
		{AE69EC3F-1BDE-437E-83DD-179850BA17E0}.Ad-Hoc|x86.Deploy.0 = Release|Any CPU
		{AE69EC3F-1BDE-437E-83DD-179850BA17E0}.AppStore|Any CPU.ActiveCfg = Release|Any CPU
		{AE69EC3F-1BDE-437E-83DD-179850BA17E0}.AppStore|Any CPU.Build.0 = Release|Any CPU
		{AE69EC3F-1BDE-437E-83DD-179850BA17E0}.AppStore|Any CPU.Deploy.0 = Release|Any CPU
		{AE69EC3F-1BDE-437E-83DD-179850BA17E0}.AppStore|ARM.ActiveCfg = Release|Any CPU
		{AE69EC3F-1BDE-437E-83DD-179850BA17E0}.AppStore|ARM.Build.0 = Release|Any CPU
		{AE69EC3F-1BDE-437E-83DD-179850BA17E0}.AppStore|ARM.Deploy.0 = Release|Any CPU
		{AE69EC3F-1BDE-437E-83DD-179850BA17E0}.AppStore|iPhone.ActiveCfg = Release|Any CPU
		{AE69EC3F-1BDE-437E-83DD-179850BA17E0}.AppStore|iPhone.Build.0 = Release|Any CPU
		{AE69EC3F-1BDE-437E-83DD-179850BA17E0}.AppStore|iPhone.Deploy.0 = Release|Any CPU
		{AE69EC3F-1BDE-437E-83DD-179850BA17E0}.AppStore|iPhoneSimulator.ActiveCfg = Release|Any CPU
		{AE69EC3F-1BDE-437E-83DD-179850BA17E0}.AppStore|iPhoneSimulator.Build.0 = Release|Any CPU
		{AE69EC3F-1BDE-437E-83DD-179850BA17E0}.AppStore|iPhoneSimulator.Deploy.0 = Release|Any CPU
		{AE69EC3F-1BDE-437E-83DD-179850BA17E0}.AppStore|x64.ActiveCfg = Release|Any CPU
		{AE69EC3F-1BDE-437E-83DD-179850BA17E0}.AppStore|x64.Build.0 = Release|Any CPU
		{AE69EC3F-1BDE-437E-83DD-179850BA17E0}.AppStore|x64.Deploy.0 = Release|Any CPU
		{AE69EC3F-1BDE-437E-83DD-179850BA17E0}.AppStore|x86.ActiveCfg = Release|Any CPU
		{AE69EC3F-1BDE-437E-83DD-179850BA17E0}.AppStore|x86.Build.0 = Release|Any CPU
		{AE69EC3F-1BDE-437E-83DD-179850BA17E0}.AppStore|x86.Deploy.0 = Release|Any CPU
		{AE69EC3F-1BDE-437E-83DD-179850BA17E0}.Debug|Any CPU.ActiveCfg = Debug|Any CPU
		{AE69EC3F-1BDE-437E-83DD-179850BA17E0}.Debug|Any CPU.Build.0 = Debug|Any CPU
		{AE69EC3F-1BDE-437E-83DD-179850BA17E0}.Debug|Any CPU.Deploy.0 = Debug|Any CPU
		{AE69EC3F-1BDE-437E-83DD-179850BA17E0}.Debug|ARM.ActiveCfg = Debug|Any CPU
		{AE69EC3F-1BDE-437E-83DD-179850BA17E0}.Debug|ARM.Build.0 = Debug|Any CPU
		{AE69EC3F-1BDE-437E-83DD-179850BA17E0}.Debug|ARM.Deploy.0 = Debug|Any CPU
		{AE69EC3F-1BDE-437E-83DD-179850BA17E0}.Debug|iPhone.ActiveCfg = Debug|Any CPU
		{AE69EC3F-1BDE-437E-83DD-179850BA17E0}.Debug|iPhone.Build.0 = Debug|Any CPU
		{AE69EC3F-1BDE-437E-83DD-179850BA17E0}.Debug|iPhone.Deploy.0 = Debug|Any CPU
		{AE69EC3F-1BDE-437E-83DD-179850BA17E0}.Debug|iPhoneSimulator.ActiveCfg = Debug|Any CPU
		{AE69EC3F-1BDE-437E-83DD-179850BA17E0}.Debug|iPhoneSimulator.Build.0 = Debug|Any CPU
		{AE69EC3F-1BDE-437E-83DD-179850BA17E0}.Debug|iPhoneSimulator.Deploy.0 = Debug|Any CPU
		{AE69EC3F-1BDE-437E-83DD-179850BA17E0}.Debug|x64.ActiveCfg = Debug|Any CPU
		{AE69EC3F-1BDE-437E-83DD-179850BA17E0}.Debug|x64.Build.0 = Debug|Any CPU
		{AE69EC3F-1BDE-437E-83DD-179850BA17E0}.Debug|x64.Deploy.0 = Debug|Any CPU
		{AE69EC3F-1BDE-437E-83DD-179850BA17E0}.Debug|x86.ActiveCfg = Debug|Any CPU
		{AE69EC3F-1BDE-437E-83DD-179850BA17E0}.Debug|x86.Build.0 = Debug|Any CPU
		{AE69EC3F-1BDE-437E-83DD-179850BA17E0}.Debug|x86.Deploy.0 = Debug|Any CPU
		{AE69EC3F-1BDE-437E-83DD-179850BA17E0}.Release|Any CPU.ActiveCfg = Release|Any CPU
		{AE69EC3F-1BDE-437E-83DD-179850BA17E0}.Release|Any CPU.Build.0 = Release|Any CPU
		{AE69EC3F-1BDE-437E-83DD-179850BA17E0}.Release|Any CPU.Deploy.0 = Release|Any CPU
		{AE69EC3F-1BDE-437E-83DD-179850BA17E0}.Release|ARM.ActiveCfg = Release|Any CPU
		{AE69EC3F-1BDE-437E-83DD-179850BA17E0}.Release|ARM.Build.0 = Release|Any CPU
		{AE69EC3F-1BDE-437E-83DD-179850BA17E0}.Release|ARM.Deploy.0 = Release|Any CPU
		{AE69EC3F-1BDE-437E-83DD-179850BA17E0}.Release|iPhone.ActiveCfg = Release|Any CPU
		{AE69EC3F-1BDE-437E-83DD-179850BA17E0}.Release|iPhone.Build.0 = Release|Any CPU
		{AE69EC3F-1BDE-437E-83DD-179850BA17E0}.Release|iPhone.Deploy.0 = Release|Any CPU
		{AE69EC3F-1BDE-437E-83DD-179850BA17E0}.Release|iPhoneSimulator.ActiveCfg = Release|Any CPU
		{AE69EC3F-1BDE-437E-83DD-179850BA17E0}.Release|iPhoneSimulator.Build.0 = Release|Any CPU
		{AE69EC3F-1BDE-437E-83DD-179850BA17E0}.Release|iPhoneSimulator.Deploy.0 = Release|Any CPU
		{AE69EC3F-1BDE-437E-83DD-179850BA17E0}.Release|x64.ActiveCfg = Release|Any CPU
		{AE69EC3F-1BDE-437E-83DD-179850BA17E0}.Release|x64.Build.0 = Release|Any CPU
		{AE69EC3F-1BDE-437E-83DD-179850BA17E0}.Release|x64.Deploy.0 = Release|Any CPU
		{AE69EC3F-1BDE-437E-83DD-179850BA17E0}.Release|x86.ActiveCfg = Release|Any CPU
		{AE69EC3F-1BDE-437E-83DD-179850BA17E0}.Release|x86.Build.0 = Release|Any CPU
		{AE69EC3F-1BDE-437E-83DD-179850BA17E0}.Release|x86.Deploy.0 = Release|Any CPU
		{EA1CEF3C-9784-427C-8703-F832A0CD7EE2}.Ad-Hoc|Any CPU.ActiveCfg = Ad-Hoc|iPhone
		{EA1CEF3C-9784-427C-8703-F832A0CD7EE2}.Ad-Hoc|ARM.ActiveCfg = Ad-Hoc|iPhone
		{EA1CEF3C-9784-427C-8703-F832A0CD7EE2}.Ad-Hoc|iPhone.ActiveCfg = Ad-Hoc|iPhone
		{EA1CEF3C-9784-427C-8703-F832A0CD7EE2}.Ad-Hoc|iPhone.Build.0 = Ad-Hoc|iPhone
		{EA1CEF3C-9784-427C-8703-F832A0CD7EE2}.Ad-Hoc|iPhoneSimulator.ActiveCfg = Ad-Hoc|iPhoneSimulator
		{EA1CEF3C-9784-427C-8703-F832A0CD7EE2}.Ad-Hoc|iPhoneSimulator.Build.0 = Ad-Hoc|iPhoneSimulator
		{EA1CEF3C-9784-427C-8703-F832A0CD7EE2}.Ad-Hoc|x64.ActiveCfg = Ad-Hoc|iPhone
		{EA1CEF3C-9784-427C-8703-F832A0CD7EE2}.Ad-Hoc|x86.ActiveCfg = Ad-Hoc|iPhone
		{EA1CEF3C-9784-427C-8703-F832A0CD7EE2}.AppStore|Any CPU.ActiveCfg = AppStore|iPhone
		{EA1CEF3C-9784-427C-8703-F832A0CD7EE2}.AppStore|ARM.ActiveCfg = AppStore|iPhone
		{EA1CEF3C-9784-427C-8703-F832A0CD7EE2}.AppStore|iPhone.ActiveCfg = AppStore|iPhone
		{EA1CEF3C-9784-427C-8703-F832A0CD7EE2}.AppStore|iPhone.Build.0 = AppStore|iPhone
		{EA1CEF3C-9784-427C-8703-F832A0CD7EE2}.AppStore|iPhoneSimulator.ActiveCfg = AppStore|iPhoneSimulator
		{EA1CEF3C-9784-427C-8703-F832A0CD7EE2}.AppStore|iPhoneSimulator.Build.0 = AppStore|iPhoneSimulator
		{EA1CEF3C-9784-427C-8703-F832A0CD7EE2}.AppStore|x64.ActiveCfg = AppStore|iPhone
		{EA1CEF3C-9784-427C-8703-F832A0CD7EE2}.AppStore|x86.ActiveCfg = AppStore|iPhone
		{EA1CEF3C-9784-427C-8703-F832A0CD7EE2}.Debug|Any CPU.ActiveCfg = Debug|iPhone
		{EA1CEF3C-9784-427C-8703-F832A0CD7EE2}.Debug|ARM.ActiveCfg = Debug|iPhone
		{EA1CEF3C-9784-427C-8703-F832A0CD7EE2}.Debug|iPhone.ActiveCfg = Debug|iPhone
		{EA1CEF3C-9784-427C-8703-F832A0CD7EE2}.Debug|iPhone.Build.0 = Debug|iPhone
		{EA1CEF3C-9784-427C-8703-F832A0CD7EE2}.Debug|iPhoneSimulator.ActiveCfg = Debug|iPhoneSimulator
		{EA1CEF3C-9784-427C-8703-F832A0CD7EE2}.Debug|iPhoneSimulator.Build.0 = Debug|iPhoneSimulator
		{EA1CEF3C-9784-427C-8703-F832A0CD7EE2}.Debug|x64.ActiveCfg = Debug|iPhone
		{EA1CEF3C-9784-427C-8703-F832A0CD7EE2}.Debug|x86.ActiveCfg = Debug|iPhone
		{EA1CEF3C-9784-427C-8703-F832A0CD7EE2}.Release|Any CPU.ActiveCfg = Release|iPhone
		{EA1CEF3C-9784-427C-8703-F832A0CD7EE2}.Release|ARM.ActiveCfg = Release|iPhone
		{EA1CEF3C-9784-427C-8703-F832A0CD7EE2}.Release|iPhone.ActiveCfg = Release|iPhone
		{EA1CEF3C-9784-427C-8703-F832A0CD7EE2}.Release|iPhone.Build.0 = Release|iPhone
		{EA1CEF3C-9784-427C-8703-F832A0CD7EE2}.Release|iPhoneSimulator.ActiveCfg = Release|iPhoneSimulator
		{EA1CEF3C-9784-427C-8703-F832A0CD7EE2}.Release|iPhoneSimulator.Build.0 = Release|iPhoneSimulator
		{EA1CEF3C-9784-427C-8703-F832A0CD7EE2}.Release|x64.ActiveCfg = Release|iPhone
		{EA1CEF3C-9784-427C-8703-F832A0CD7EE2}.Release|x86.ActiveCfg = Release|iPhone
		{C1FB7001-4C29-47B6-9F28-79E9A583085E}.Ad-Hoc|Any CPU.ActiveCfg = Release|x86
		{C1FB7001-4C29-47B6-9F28-79E9A583085E}.Ad-Hoc|Any CPU.Build.0 = Release|x86
		{C1FB7001-4C29-47B6-9F28-79E9A583085E}.Ad-Hoc|Any CPU.Deploy.0 = Release|x86
		{C1FB7001-4C29-47B6-9F28-79E9A583085E}.Ad-Hoc|ARM.ActiveCfg = Release|ARM
		{C1FB7001-4C29-47B6-9F28-79E9A583085E}.Ad-Hoc|ARM.Build.0 = Release|ARM
		{C1FB7001-4C29-47B6-9F28-79E9A583085E}.Ad-Hoc|ARM.Deploy.0 = Release|ARM
		{C1FB7001-4C29-47B6-9F28-79E9A583085E}.Ad-Hoc|iPhone.ActiveCfg = Release|x86
		{C1FB7001-4C29-47B6-9F28-79E9A583085E}.Ad-Hoc|iPhone.Build.0 = Release|x86
		{C1FB7001-4C29-47B6-9F28-79E9A583085E}.Ad-Hoc|iPhone.Deploy.0 = Release|x86
		{C1FB7001-4C29-47B6-9F28-79E9A583085E}.Ad-Hoc|iPhoneSimulator.ActiveCfg = Release|x86
		{C1FB7001-4C29-47B6-9F28-79E9A583085E}.Ad-Hoc|iPhoneSimulator.Build.0 = Release|x86
		{C1FB7001-4C29-47B6-9F28-79E9A583085E}.Ad-Hoc|iPhoneSimulator.Deploy.0 = Release|x86
		{C1FB7001-4C29-47B6-9F28-79E9A583085E}.Ad-Hoc|x64.ActiveCfg = Release|x64
		{C1FB7001-4C29-47B6-9F28-79E9A583085E}.Ad-Hoc|x64.Build.0 = Release|x64
		{C1FB7001-4C29-47B6-9F28-79E9A583085E}.Ad-Hoc|x64.Deploy.0 = Release|x64
		{C1FB7001-4C29-47B6-9F28-79E9A583085E}.Ad-Hoc|x86.ActiveCfg = Release|x86
		{C1FB7001-4C29-47B6-9F28-79E9A583085E}.Ad-Hoc|x86.Build.0 = Release|x86
		{C1FB7001-4C29-47B6-9F28-79E9A583085E}.Ad-Hoc|x86.Deploy.0 = Release|x86
		{C1FB7001-4C29-47B6-9F28-79E9A583085E}.AppStore|Any CPU.ActiveCfg = Release|x86
		{C1FB7001-4C29-47B6-9F28-79E9A583085E}.AppStore|Any CPU.Build.0 = Release|x86
		{C1FB7001-4C29-47B6-9F28-79E9A583085E}.AppStore|Any CPU.Deploy.0 = Release|x86
		{C1FB7001-4C29-47B6-9F28-79E9A583085E}.AppStore|ARM.ActiveCfg = Release|ARM
		{C1FB7001-4C29-47B6-9F28-79E9A583085E}.AppStore|ARM.Build.0 = Release|ARM
		{C1FB7001-4C29-47B6-9F28-79E9A583085E}.AppStore|ARM.Deploy.0 = Release|ARM
		{C1FB7001-4C29-47B6-9F28-79E9A583085E}.AppStore|iPhone.ActiveCfg = Release|x86
		{C1FB7001-4C29-47B6-9F28-79E9A583085E}.AppStore|iPhone.Build.0 = Release|x86
		{C1FB7001-4C29-47B6-9F28-79E9A583085E}.AppStore|iPhone.Deploy.0 = Release|x86
		{C1FB7001-4C29-47B6-9F28-79E9A583085E}.AppStore|iPhoneSimulator.ActiveCfg = Release|x86
		{C1FB7001-4C29-47B6-9F28-79E9A583085E}.AppStore|iPhoneSimulator.Build.0 = Release|x86
		{C1FB7001-4C29-47B6-9F28-79E9A583085E}.AppStore|iPhoneSimulator.Deploy.0 = Release|x86
		{C1FB7001-4C29-47B6-9F28-79E9A583085E}.AppStore|x64.ActiveCfg = Release|x64
		{C1FB7001-4C29-47B6-9F28-79E9A583085E}.AppStore|x64.Build.0 = Release|x64
		{C1FB7001-4C29-47B6-9F28-79E9A583085E}.AppStore|x64.Deploy.0 = Release|x64
		{C1FB7001-4C29-47B6-9F28-79E9A583085E}.AppStore|x86.ActiveCfg = Release|x86
		{C1FB7001-4C29-47B6-9F28-79E9A583085E}.AppStore|x86.Build.0 = Release|x86
		{C1FB7001-4C29-47B6-9F28-79E9A583085E}.AppStore|x86.Deploy.0 = Release|x86
		{C1FB7001-4C29-47B6-9F28-79E9A583085E}.Debug|Any CPU.ActiveCfg = Debug|x86
		{C1FB7001-4C29-47B6-9F28-79E9A583085E}.Debug|ARM.ActiveCfg = Debug|ARM
		{C1FB7001-4C29-47B6-9F28-79E9A583085E}.Debug|ARM.Build.0 = Debug|ARM
		{C1FB7001-4C29-47B6-9F28-79E9A583085E}.Debug|ARM.Deploy.0 = Debug|ARM
		{C1FB7001-4C29-47B6-9F28-79E9A583085E}.Debug|iPhone.ActiveCfg = Debug|x86
		{C1FB7001-4C29-47B6-9F28-79E9A583085E}.Debug|iPhoneSimulator.ActiveCfg = Debug|x86
		{C1FB7001-4C29-47B6-9F28-79E9A583085E}.Debug|x64.ActiveCfg = Debug|x64
		{C1FB7001-4C29-47B6-9F28-79E9A583085E}.Debug|x64.Build.0 = Debug|x64
		{C1FB7001-4C29-47B6-9F28-79E9A583085E}.Debug|x64.Deploy.0 = Debug|x64
		{C1FB7001-4C29-47B6-9F28-79E9A583085E}.Debug|x86.ActiveCfg = Debug|x86
		{C1FB7001-4C29-47B6-9F28-79E9A583085E}.Debug|x86.Build.0 = Debug|x86
		{C1FB7001-4C29-47B6-9F28-79E9A583085E}.Debug|x86.Deploy.0 = Debug|x86
		{C1FB7001-4C29-47B6-9F28-79E9A583085E}.Release|Any CPU.ActiveCfg = Release|x86
		{C1FB7001-4C29-47B6-9F28-79E9A583085E}.Release|ARM.ActiveCfg = Release|ARM
		{C1FB7001-4C29-47B6-9F28-79E9A583085E}.Release|ARM.Build.0 = Release|ARM
		{C1FB7001-4C29-47B6-9F28-79E9A583085E}.Release|ARM.Deploy.0 = Release|ARM
		{C1FB7001-4C29-47B6-9F28-79E9A583085E}.Release|iPhone.ActiveCfg = Release|x86
		{C1FB7001-4C29-47B6-9F28-79E9A583085E}.Release|iPhoneSimulator.ActiveCfg = Release|x86
		{C1FB7001-4C29-47B6-9F28-79E9A583085E}.Release|x64.ActiveCfg = Release|x64
		{C1FB7001-4C29-47B6-9F28-79E9A583085E}.Release|x64.Build.0 = Release|x64
		{C1FB7001-4C29-47B6-9F28-79E9A583085E}.Release|x64.Deploy.0 = Release|x64
		{C1FB7001-4C29-47B6-9F28-79E9A583085E}.Release|x86.ActiveCfg = Release|x86
		{C1FB7001-4C29-47B6-9F28-79E9A583085E}.Release|x86.Build.0 = Release|x86
		{C1FB7001-4C29-47B6-9F28-79E9A583085E}.Release|x86.Deploy.0 = Release|x86
		{9498503B-FDD6-4274-9CCE-55797F8E80E2}.Ad-Hoc|Any CPU.ActiveCfg = Debug|Any CPU
		{9498503B-FDD6-4274-9CCE-55797F8E80E2}.Ad-Hoc|Any CPU.Build.0 = Debug|Any CPU
		{9498503B-FDD6-4274-9CCE-55797F8E80E2}.Ad-Hoc|ARM.ActiveCfg = Debug|Any CPU
		{9498503B-FDD6-4274-9CCE-55797F8E80E2}.Ad-Hoc|ARM.Build.0 = Debug|Any CPU
		{9498503B-FDD6-4274-9CCE-55797F8E80E2}.Ad-Hoc|iPhone.ActiveCfg = Debug|Any CPU
		{9498503B-FDD6-4274-9CCE-55797F8E80E2}.Ad-Hoc|iPhone.Build.0 = Debug|Any CPU
		{9498503B-FDD6-4274-9CCE-55797F8E80E2}.Ad-Hoc|iPhoneSimulator.ActiveCfg = Debug|Any CPU
		{9498503B-FDD6-4274-9CCE-55797F8E80E2}.Ad-Hoc|iPhoneSimulator.Build.0 = Debug|Any CPU
		{9498503B-FDD6-4274-9CCE-55797F8E80E2}.Ad-Hoc|x64.ActiveCfg = Debug|Any CPU
		{9498503B-FDD6-4274-9CCE-55797F8E80E2}.Ad-Hoc|x64.Build.0 = Debug|Any CPU
		{9498503B-FDD6-4274-9CCE-55797F8E80E2}.Ad-Hoc|x86.ActiveCfg = Debug|Any CPU
		{9498503B-FDD6-4274-9CCE-55797F8E80E2}.Ad-Hoc|x86.Build.0 = Debug|Any CPU
		{9498503B-FDD6-4274-9CCE-55797F8E80E2}.AppStore|Any CPU.ActiveCfg = Debug|Any CPU
		{9498503B-FDD6-4274-9CCE-55797F8E80E2}.AppStore|Any CPU.Build.0 = Debug|Any CPU
		{9498503B-FDD6-4274-9CCE-55797F8E80E2}.AppStore|ARM.ActiveCfg = Debug|Any CPU
		{9498503B-FDD6-4274-9CCE-55797F8E80E2}.AppStore|ARM.Build.0 = Debug|Any CPU
		{9498503B-FDD6-4274-9CCE-55797F8E80E2}.AppStore|iPhone.ActiveCfg = Debug|Any CPU
		{9498503B-FDD6-4274-9CCE-55797F8E80E2}.AppStore|iPhone.Build.0 = Debug|Any CPU
		{9498503B-FDD6-4274-9CCE-55797F8E80E2}.AppStore|iPhoneSimulator.ActiveCfg = Debug|Any CPU
		{9498503B-FDD6-4274-9CCE-55797F8E80E2}.AppStore|iPhoneSimulator.Build.0 = Debug|Any CPU
		{9498503B-FDD6-4274-9CCE-55797F8E80E2}.AppStore|x64.ActiveCfg = Debug|Any CPU
		{9498503B-FDD6-4274-9CCE-55797F8E80E2}.AppStore|x64.Build.0 = Debug|Any CPU
		{9498503B-FDD6-4274-9CCE-55797F8E80E2}.AppStore|x86.ActiveCfg = Debug|Any CPU
		{9498503B-FDD6-4274-9CCE-55797F8E80E2}.AppStore|x86.Build.0 = Debug|Any CPU
		{9498503B-FDD6-4274-9CCE-55797F8E80E2}.Debug|Any CPU.ActiveCfg = Debug|Any CPU
		{9498503B-FDD6-4274-9CCE-55797F8E80E2}.Debug|Any CPU.Build.0 = Debug|Any CPU
		{9498503B-FDD6-4274-9CCE-55797F8E80E2}.Debug|ARM.ActiveCfg = Debug|Any CPU
		{9498503B-FDD6-4274-9CCE-55797F8E80E2}.Debug|ARM.Build.0 = Debug|Any CPU
		{9498503B-FDD6-4274-9CCE-55797F8E80E2}.Debug|iPhone.ActiveCfg = Debug|Any CPU
		{9498503B-FDD6-4274-9CCE-55797F8E80E2}.Debug|iPhone.Build.0 = Debug|Any CPU
		{9498503B-FDD6-4274-9CCE-55797F8E80E2}.Debug|iPhoneSimulator.ActiveCfg = Debug|Any CPU
		{9498503B-FDD6-4274-9CCE-55797F8E80E2}.Debug|iPhoneSimulator.Build.0 = Debug|Any CPU
		{9498503B-FDD6-4274-9CCE-55797F8E80E2}.Debug|x64.ActiveCfg = Debug|Any CPU
		{9498503B-FDD6-4274-9CCE-55797F8E80E2}.Debug|x64.Build.0 = Debug|Any CPU
		{9498503B-FDD6-4274-9CCE-55797F8E80E2}.Debug|x86.ActiveCfg = Debug|Any CPU
		{9498503B-FDD6-4274-9CCE-55797F8E80E2}.Debug|x86.Build.0 = Debug|Any CPU
		{9498503B-FDD6-4274-9CCE-55797F8E80E2}.Release|Any CPU.ActiveCfg = Release|Any CPU
		{9498503B-FDD6-4274-9CCE-55797F8E80E2}.Release|Any CPU.Build.0 = Release|Any CPU
		{9498503B-FDD6-4274-9CCE-55797F8E80E2}.Release|ARM.ActiveCfg = Release|Any CPU
		{9498503B-FDD6-4274-9CCE-55797F8E80E2}.Release|ARM.Build.0 = Release|Any CPU
		{9498503B-FDD6-4274-9CCE-55797F8E80E2}.Release|iPhone.ActiveCfg = Release|Any CPU
		{9498503B-FDD6-4274-9CCE-55797F8E80E2}.Release|iPhone.Build.0 = Release|Any CPU
		{9498503B-FDD6-4274-9CCE-55797F8E80E2}.Release|iPhoneSimulator.ActiveCfg = Release|Any CPU
		{9498503B-FDD6-4274-9CCE-55797F8E80E2}.Release|iPhoneSimulator.Build.0 = Release|Any CPU
		{9498503B-FDD6-4274-9CCE-55797F8E80E2}.Release|x64.ActiveCfg = Release|Any CPU
		{9498503B-FDD6-4274-9CCE-55797F8E80E2}.Release|x64.Build.0 = Release|Any CPU
		{9498503B-FDD6-4274-9CCE-55797F8E80E2}.Release|x86.ActiveCfg = Release|Any CPU
		{9498503B-FDD6-4274-9CCE-55797F8E80E2}.Release|x86.Build.0 = Release|Any CPU
		{B043F139-7160-4871-965F-F8A4A387184C}.Ad-Hoc|Any CPU.ActiveCfg = Debug|Any CPU
		{B043F139-7160-4871-965F-F8A4A387184C}.Ad-Hoc|Any CPU.Build.0 = Debug|Any CPU
		{B043F139-7160-4871-965F-F8A4A387184C}.Ad-Hoc|ARM.ActiveCfg = Debug|Any CPU
		{B043F139-7160-4871-965F-F8A4A387184C}.Ad-Hoc|ARM.Build.0 = Debug|Any CPU
		{B043F139-7160-4871-965F-F8A4A387184C}.Ad-Hoc|iPhone.ActiveCfg = Debug|Any CPU
		{B043F139-7160-4871-965F-F8A4A387184C}.Ad-Hoc|iPhone.Build.0 = Debug|Any CPU
		{B043F139-7160-4871-965F-F8A4A387184C}.Ad-Hoc|iPhoneSimulator.ActiveCfg = Debug|Any CPU
		{B043F139-7160-4871-965F-F8A4A387184C}.Ad-Hoc|iPhoneSimulator.Build.0 = Debug|Any CPU
		{B043F139-7160-4871-965F-F8A4A387184C}.Ad-Hoc|x64.ActiveCfg = Debug|Any CPU
		{B043F139-7160-4871-965F-F8A4A387184C}.Ad-Hoc|x64.Build.0 = Debug|Any CPU
		{B043F139-7160-4871-965F-F8A4A387184C}.Ad-Hoc|x86.ActiveCfg = Debug|Any CPU
		{B043F139-7160-4871-965F-F8A4A387184C}.Ad-Hoc|x86.Build.0 = Debug|Any CPU
		{B043F139-7160-4871-965F-F8A4A387184C}.AppStore|Any CPU.ActiveCfg = Debug|Any CPU
		{B043F139-7160-4871-965F-F8A4A387184C}.AppStore|Any CPU.Build.0 = Debug|Any CPU
		{B043F139-7160-4871-965F-F8A4A387184C}.AppStore|ARM.ActiveCfg = Debug|Any CPU
		{B043F139-7160-4871-965F-F8A4A387184C}.AppStore|ARM.Build.0 = Debug|Any CPU
		{B043F139-7160-4871-965F-F8A4A387184C}.AppStore|iPhone.ActiveCfg = Debug|Any CPU
		{B043F139-7160-4871-965F-F8A4A387184C}.AppStore|iPhone.Build.0 = Debug|Any CPU
		{B043F139-7160-4871-965F-F8A4A387184C}.AppStore|iPhoneSimulator.ActiveCfg = Debug|Any CPU
		{B043F139-7160-4871-965F-F8A4A387184C}.AppStore|iPhoneSimulator.Build.0 = Debug|Any CPU
		{B043F139-7160-4871-965F-F8A4A387184C}.AppStore|x64.ActiveCfg = Debug|Any CPU
		{B043F139-7160-4871-965F-F8A4A387184C}.AppStore|x64.Build.0 = Debug|Any CPU
		{B043F139-7160-4871-965F-F8A4A387184C}.AppStore|x86.ActiveCfg = Debug|Any CPU
		{B043F139-7160-4871-965F-F8A4A387184C}.AppStore|x86.Build.0 = Debug|Any CPU
		{B043F139-7160-4871-965F-F8A4A387184C}.Debug|Any CPU.ActiveCfg = Debug|Any CPU
		{B043F139-7160-4871-965F-F8A4A387184C}.Debug|Any CPU.Build.0 = Debug|Any CPU
		{B043F139-7160-4871-965F-F8A4A387184C}.Debug|ARM.ActiveCfg = Debug|Any CPU
		{B043F139-7160-4871-965F-F8A4A387184C}.Debug|ARM.Build.0 = Debug|Any CPU
		{B043F139-7160-4871-965F-F8A4A387184C}.Debug|iPhone.ActiveCfg = Debug|Any CPU
		{B043F139-7160-4871-965F-F8A4A387184C}.Debug|iPhone.Build.0 = Debug|Any CPU
		{B043F139-7160-4871-965F-F8A4A387184C}.Debug|iPhoneSimulator.ActiveCfg = Debug|Any CPU
		{B043F139-7160-4871-965F-F8A4A387184C}.Debug|iPhoneSimulator.Build.0 = Debug|Any CPU
		{B043F139-7160-4871-965F-F8A4A387184C}.Debug|x64.ActiveCfg = Debug|Any CPU
		{B043F139-7160-4871-965F-F8A4A387184C}.Debug|x64.Build.0 = Debug|Any CPU
		{B043F139-7160-4871-965F-F8A4A387184C}.Debug|x86.ActiveCfg = Debug|Any CPU
		{B043F139-7160-4871-965F-F8A4A387184C}.Debug|x86.Build.0 = Debug|Any CPU
		{B043F139-7160-4871-965F-F8A4A387184C}.Release|Any CPU.ActiveCfg = Release|Any CPU
		{B043F139-7160-4871-965F-F8A4A387184C}.Release|Any CPU.Build.0 = Release|Any CPU
		{B043F139-7160-4871-965F-F8A4A387184C}.Release|ARM.ActiveCfg = Release|Any CPU
		{B043F139-7160-4871-965F-F8A4A387184C}.Release|ARM.Build.0 = Release|Any CPU
		{B043F139-7160-4871-965F-F8A4A387184C}.Release|iPhone.ActiveCfg = Release|Any CPU
		{B043F139-7160-4871-965F-F8A4A387184C}.Release|iPhone.Build.0 = Release|Any CPU
		{B043F139-7160-4871-965F-F8A4A387184C}.Release|iPhoneSimulator.ActiveCfg = Release|Any CPU
		{B043F139-7160-4871-965F-F8A4A387184C}.Release|iPhoneSimulator.Build.0 = Release|Any CPU
		{B043F139-7160-4871-965F-F8A4A387184C}.Release|x64.ActiveCfg = Release|Any CPU
		{B043F139-7160-4871-965F-F8A4A387184C}.Release|x64.Build.0 = Release|Any CPU
		{B043F139-7160-4871-965F-F8A4A387184C}.Release|x86.ActiveCfg = Release|Any CPU
		{B043F139-7160-4871-965F-F8A4A387184C}.Release|x86.Build.0 = Release|Any CPU
		{3A8873A1-1010-43C5-A75C-F67CD017B520}.Ad-Hoc|Any CPU.ActiveCfg = Debug|Any CPU
		{3A8873A1-1010-43C5-A75C-F67CD017B520}.Ad-Hoc|Any CPU.Build.0 = Debug|Any CPU
		{3A8873A1-1010-43C5-A75C-F67CD017B520}.Ad-Hoc|ARM.ActiveCfg = Debug|Any CPU
		{3A8873A1-1010-43C5-A75C-F67CD017B520}.Ad-Hoc|ARM.Build.0 = Debug|Any CPU
		{3A8873A1-1010-43C5-A75C-F67CD017B520}.Ad-Hoc|iPhone.ActiveCfg = Debug|Any CPU
		{3A8873A1-1010-43C5-A75C-F67CD017B520}.Ad-Hoc|iPhone.Build.0 = Debug|Any CPU
		{3A8873A1-1010-43C5-A75C-F67CD017B520}.Ad-Hoc|iPhoneSimulator.ActiveCfg = Debug|Any CPU
		{3A8873A1-1010-43C5-A75C-F67CD017B520}.Ad-Hoc|iPhoneSimulator.Build.0 = Debug|Any CPU
		{3A8873A1-1010-43C5-A75C-F67CD017B520}.Ad-Hoc|x64.ActiveCfg = Debug|Any CPU
		{3A8873A1-1010-43C5-A75C-F67CD017B520}.Ad-Hoc|x64.Build.0 = Debug|Any CPU
		{3A8873A1-1010-43C5-A75C-F67CD017B520}.Ad-Hoc|x86.ActiveCfg = Debug|Any CPU
		{3A8873A1-1010-43C5-A75C-F67CD017B520}.Ad-Hoc|x86.Build.0 = Debug|Any CPU
		{3A8873A1-1010-43C5-A75C-F67CD017B520}.AppStore|Any CPU.ActiveCfg = Debug|Any CPU
		{3A8873A1-1010-43C5-A75C-F67CD017B520}.AppStore|Any CPU.Build.0 = Debug|Any CPU
		{3A8873A1-1010-43C5-A75C-F67CD017B520}.AppStore|ARM.ActiveCfg = Debug|Any CPU
		{3A8873A1-1010-43C5-A75C-F67CD017B520}.AppStore|ARM.Build.0 = Debug|Any CPU
		{3A8873A1-1010-43C5-A75C-F67CD017B520}.AppStore|iPhone.ActiveCfg = Debug|Any CPU
		{3A8873A1-1010-43C5-A75C-F67CD017B520}.AppStore|iPhone.Build.0 = Debug|Any CPU
		{3A8873A1-1010-43C5-A75C-F67CD017B520}.AppStore|iPhoneSimulator.ActiveCfg = Debug|Any CPU
		{3A8873A1-1010-43C5-A75C-F67CD017B520}.AppStore|iPhoneSimulator.Build.0 = Debug|Any CPU
		{3A8873A1-1010-43C5-A75C-F67CD017B520}.AppStore|x64.ActiveCfg = Debug|Any CPU
		{3A8873A1-1010-43C5-A75C-F67CD017B520}.AppStore|x64.Build.0 = Debug|Any CPU
		{3A8873A1-1010-43C5-A75C-F67CD017B520}.AppStore|x86.ActiveCfg = Debug|Any CPU
		{3A8873A1-1010-43C5-A75C-F67CD017B520}.AppStore|x86.Build.0 = Debug|Any CPU
		{3A8873A1-1010-43C5-A75C-F67CD017B520}.Debug|Any CPU.ActiveCfg = Debug|Any CPU
		{3A8873A1-1010-43C5-A75C-F67CD017B520}.Debug|Any CPU.Build.0 = Debug|Any CPU
		{3A8873A1-1010-43C5-A75C-F67CD017B520}.Debug|ARM.ActiveCfg = Debug|Any CPU
		{3A8873A1-1010-43C5-A75C-F67CD017B520}.Debug|ARM.Build.0 = Debug|Any CPU
		{3A8873A1-1010-43C5-A75C-F67CD017B520}.Debug|iPhone.ActiveCfg = Debug|Any CPU
		{3A8873A1-1010-43C5-A75C-F67CD017B520}.Debug|iPhone.Build.0 = Debug|Any CPU
		{3A8873A1-1010-43C5-A75C-F67CD017B520}.Debug|iPhoneSimulator.ActiveCfg = Debug|Any CPU
		{3A8873A1-1010-43C5-A75C-F67CD017B520}.Debug|iPhoneSimulator.Build.0 = Debug|Any CPU
		{3A8873A1-1010-43C5-A75C-F67CD017B520}.Debug|x64.ActiveCfg = Debug|Any CPU
		{3A8873A1-1010-43C5-A75C-F67CD017B520}.Debug|x64.Build.0 = Debug|Any CPU
		{3A8873A1-1010-43C5-A75C-F67CD017B520}.Debug|x86.ActiveCfg = Debug|Any CPU
		{3A8873A1-1010-43C5-A75C-F67CD017B520}.Debug|x86.Build.0 = Debug|Any CPU
		{3A8873A1-1010-43C5-A75C-F67CD017B520}.Release|Any CPU.ActiveCfg = Release|Any CPU
		{3A8873A1-1010-43C5-A75C-F67CD017B520}.Release|Any CPU.Build.0 = Release|Any CPU
		{3A8873A1-1010-43C5-A75C-F67CD017B520}.Release|ARM.ActiveCfg = Release|Any CPU
		{3A8873A1-1010-43C5-A75C-F67CD017B520}.Release|ARM.Build.0 = Release|Any CPU
		{3A8873A1-1010-43C5-A75C-F67CD017B520}.Release|iPhone.ActiveCfg = Release|Any CPU
		{3A8873A1-1010-43C5-A75C-F67CD017B520}.Release|iPhone.Build.0 = Release|Any CPU
		{3A8873A1-1010-43C5-A75C-F67CD017B520}.Release|iPhoneSimulator.ActiveCfg = Release|Any CPU
		{3A8873A1-1010-43C5-A75C-F67CD017B520}.Release|iPhoneSimulator.Build.0 = Release|Any CPU
		{3A8873A1-1010-43C5-A75C-F67CD017B520}.Release|x64.ActiveCfg = Release|Any CPU
		{3A8873A1-1010-43C5-A75C-F67CD017B520}.Release|x64.Build.0 = Release|Any CPU
		{3A8873A1-1010-43C5-A75C-F67CD017B520}.Release|x86.ActiveCfg = Release|Any CPU
		{3A8873A1-1010-43C5-A75C-F67CD017B520}.Release|x86.Build.0 = Release|Any CPU
		{F7E7507F-740F-41CD-858C-23582E275018}.Ad-Hoc|Any CPU.ActiveCfg = Release|Any CPU
		{F7E7507F-740F-41CD-858C-23582E275018}.Ad-Hoc|Any CPU.Build.0 = Release|Any CPU
		{F7E7507F-740F-41CD-858C-23582E275018}.Ad-Hoc|ARM.ActiveCfg = Release|Any CPU
		{F7E7507F-740F-41CD-858C-23582E275018}.Ad-Hoc|ARM.Build.0 = Release|Any CPU
		{F7E7507F-740F-41CD-858C-23582E275018}.Ad-Hoc|iPhone.ActiveCfg = Release|Any CPU
		{F7E7507F-740F-41CD-858C-23582E275018}.Ad-Hoc|iPhone.Build.0 = Release|Any CPU
		{F7E7507F-740F-41CD-858C-23582E275018}.Ad-Hoc|iPhoneSimulator.ActiveCfg = Release|Any CPU
		{F7E7507F-740F-41CD-858C-23582E275018}.Ad-Hoc|iPhoneSimulator.Build.0 = Release|Any CPU
		{F7E7507F-740F-41CD-858C-23582E275018}.Ad-Hoc|x64.ActiveCfg = Release|Any CPU
		{F7E7507F-740F-41CD-858C-23582E275018}.Ad-Hoc|x64.Build.0 = Release|Any CPU
		{F7E7507F-740F-41CD-858C-23582E275018}.Ad-Hoc|x86.ActiveCfg = Release|Any CPU
		{F7E7507F-740F-41CD-858C-23582E275018}.Ad-Hoc|x86.Build.0 = Release|Any CPU
		{F7E7507F-740F-41CD-858C-23582E275018}.AppStore|Any CPU.ActiveCfg = Release|Any CPU
		{F7E7507F-740F-41CD-858C-23582E275018}.AppStore|Any CPU.Build.0 = Release|Any CPU
		{F7E7507F-740F-41CD-858C-23582E275018}.AppStore|ARM.ActiveCfg = Release|Any CPU
		{F7E7507F-740F-41CD-858C-23582E275018}.AppStore|ARM.Build.0 = Release|Any CPU
		{F7E7507F-740F-41CD-858C-23582E275018}.AppStore|iPhone.ActiveCfg = Release|Any CPU
		{F7E7507F-740F-41CD-858C-23582E275018}.AppStore|iPhone.Build.0 = Release|Any CPU
		{F7E7507F-740F-41CD-858C-23582E275018}.AppStore|iPhoneSimulator.ActiveCfg = Release|Any CPU
		{F7E7507F-740F-41CD-858C-23582E275018}.AppStore|iPhoneSimulator.Build.0 = Release|Any CPU
		{F7E7507F-740F-41CD-858C-23582E275018}.AppStore|x64.ActiveCfg = Release|Any CPU
		{F7E7507F-740F-41CD-858C-23582E275018}.AppStore|x64.Build.0 = Release|Any CPU
		{F7E7507F-740F-41CD-858C-23582E275018}.AppStore|x86.ActiveCfg = Release|Any CPU
		{F7E7507F-740F-41CD-858C-23582E275018}.AppStore|x86.Build.0 = Release|Any CPU
		{F7E7507F-740F-41CD-858C-23582E275018}.Debug|Any CPU.ActiveCfg = Debug|Any CPU
		{F7E7507F-740F-41CD-858C-23582E275018}.Debug|Any CPU.Build.0 = Debug|Any CPU
		{F7E7507F-740F-41CD-858C-23582E275018}.Debug|ARM.ActiveCfg = Debug|Any CPU
		{F7E7507F-740F-41CD-858C-23582E275018}.Debug|ARM.Build.0 = Debug|Any CPU
		{F7E7507F-740F-41CD-858C-23582E275018}.Debug|iPhone.ActiveCfg = Debug|Any CPU
		{F7E7507F-740F-41CD-858C-23582E275018}.Debug|iPhone.Build.0 = Debug|Any CPU
		{F7E7507F-740F-41CD-858C-23582E275018}.Debug|iPhoneSimulator.ActiveCfg = Debug|Any CPU
		{F7E7507F-740F-41CD-858C-23582E275018}.Debug|iPhoneSimulator.Build.0 = Debug|Any CPU
		{F7E7507F-740F-41CD-858C-23582E275018}.Debug|x64.ActiveCfg = Debug|Any CPU
		{F7E7507F-740F-41CD-858C-23582E275018}.Debug|x64.Build.0 = Debug|Any CPU
		{F7E7507F-740F-41CD-858C-23582E275018}.Debug|x86.ActiveCfg = Debug|Any CPU
		{F7E7507F-740F-41CD-858C-23582E275018}.Debug|x86.Build.0 = Debug|Any CPU
		{F7E7507F-740F-41CD-858C-23582E275018}.Release|Any CPU.ActiveCfg = Release|Any CPU
		{F7E7507F-740F-41CD-858C-23582E275018}.Release|Any CPU.Build.0 = Release|Any CPU
		{F7E7507F-740F-41CD-858C-23582E275018}.Release|ARM.ActiveCfg = Release|Any CPU
		{F7E7507F-740F-41CD-858C-23582E275018}.Release|ARM.Build.0 = Release|Any CPU
		{F7E7507F-740F-41CD-858C-23582E275018}.Release|iPhone.ActiveCfg = Release|Any CPU
		{F7E7507F-740F-41CD-858C-23582E275018}.Release|iPhone.Build.0 = Release|Any CPU
		{F7E7507F-740F-41CD-858C-23582E275018}.Release|iPhoneSimulator.ActiveCfg = Release|Any CPU
		{F7E7507F-740F-41CD-858C-23582E275018}.Release|iPhoneSimulator.Build.0 = Release|Any CPU
		{F7E7507F-740F-41CD-858C-23582E275018}.Release|x64.ActiveCfg = Release|Any CPU
		{F7E7507F-740F-41CD-858C-23582E275018}.Release|x64.Build.0 = Release|Any CPU
		{F7E7507F-740F-41CD-858C-23582E275018}.Release|x86.ActiveCfg = Release|Any CPU
		{F7E7507F-740F-41CD-858C-23582E275018}.Release|x86.Build.0 = Release|Any CPU
	EndGlobalSection
	GlobalSection(SolutionProperties) = preSolution
		HideSolutionNode = FALSE
	EndGlobalSection
	GlobalSection(ExtensibilityGlobals) = postSolution
		SolutionGuid = {641264B7-555D-47E6-9DA7-F73CF07171C2}
	EndGlobalSection
EndGlobal
